
Microsoft Visual Studio Solution File, Format Version 12.00
# Visual Studio 15
VisualStudioVersion = 15.0.28307.779
MinimumVisualStudioVersion = 10.0.40219.1
Project("{8BC9CEB8-8B4A-11D0-8D11-00A0C91BC942}") = "magic_square", "magic_square\magic_square.vcxproj", "{6BE71E75-2FF4-400B-9A7D-0343BA210C40}"
EndProject
Project("{8BC9CEB8-8B4A-11D0-8D11-00A0C91BC942}") = "omok", "omok\omok.vcxproj", "{2943EA3E-B68B-44A3-BACA-8311663DA191}"
EndProject
Project("{8BC9CEB8-8B4A-11D0-8D11-00A0C91BC942}") = "Libtest.cpp", "Libtest.cpp\Libtest.cpp.vcxproj", "{E3C82431-8171-4112-8120-6B877F9CDC2C}"
EndProject
Project("{8BC9CEB8-8B4A-11D0-8D11-00A0C91BC942}") = "JHCoreLib", "JHCoreLib\JHCoreLib.vcxproj", "{64A17C2A-A281-4D5D-983D-423C99377898}"
EndProject
Project("{8BC9CEB8-8B4A-11D0-8D11-00A0C91BC942}") = "BitMapSample", "BitMapSample\BitMapSample.vcxproj", "{FD46B50B-67D5-42CB-AC6E-66ED15930D37}"
EndProject
Project("{8BC9CEB8-8B4A-11D0-8D11-00A0C91BC942}") = "BitMapSample2", "BitMapSample2\BitMapSample2.vcxproj", "{8C9558E4-ED14-48E3-92F2-0BFFFF478A8E}"
EndProject
Project("{8BC9CEB8-8B4A-11D0-8D11-00A0C91BC942}") = "SampleSound", "SampleSound\SampleSound.vcxproj", "{B259A12A-DE99-460E-9900-A9D2804E57A2}"
EndProject
Project("{8BC9CEB8-8B4A-11D0-8D11-00A0C91BC942}") = "RotationBitmap", "BitMapSample3\BitMapSample3.vcxproj", "{47AD6FA0-6ED6-481C-88F7-D36BE9A3F325}"
EndProject
Project("{8BC9CEB8-8B4A-11D0-8D11-00A0C91BC942}") = "Sprite", "Sprite\Sprite.vcxproj", "{59BF9F00-C718-4391-835D-7637A11B9D4A}"
EndProject
Project("{8BC9CEB8-8B4A-11D0-8D11-00A0C91BC942}") = "RockMan", "RockMan\RockMan.vcxproj", "{EDEE6159-EC0B-4A0D-8B62-CD6F73233DAE}"
EndProject
Project("{2150E333-8FDC-42A3-9474-1A3956D46DE8}") = "C", "C", "{2A3F64C7-438A-48CF-9DD7-55CFE1F221AA}"
EndProject
Project("{2150E333-8FDC-42A3-9474-1A3956D46DE8}") = "API", "API", "{92F5A438-D7F6-4811-B965-E37197FC0C14}"
EndProject
Project("{2150E333-8FDC-42A3-9474-1A3956D46DE8}") = "DX", "DX", "{18E5E3FB-2636-46D3-B32A-E45F9371689A}"
EndProject
Project("{8BC9CEB8-8B4A-11D0-8D11-00A0C91BC942}") = "CreateDevice", "CreateDevice\CreateDevice.vcxproj", "{2DB70C4B-6970-4509-8ABE-FB64638E6088}"
EndProject
Project("{8BC9CEB8-8B4A-11D0-8D11-00A0C91BC942}") = "CreateIndexConstantBuffer", "CreateIndexBuffer\CreateIndexBuffer.vcxproj", "{2C6F9362-59D2-4632-8813-04DAE58AA67E}"
EndProject
Project("{8BC9CEB8-8B4A-11D0-8D11-00A0C91BC942}") = "CreateALPHA", "CreateALPHA\CreateALPHA.vcxproj", "{F1E0FD67-EA5D-48A3-90B3-556210E9D5C2}"
EndProject
Project("{8BC9CEB8-8B4A-11D0-8D11-00A0C91BC942}") = "AlphaBlend", "AlphaBlend\AlphaBlend.vcxproj", "{C7E3282A-ED72-44C9-BCCD-223E3FE96DFB}"
EndProject
Project("{8BC9CEB8-8B4A-11D0-8D11-00A0C91BC942}") = "ViewAndProj", "ViewAndProj\ViewAndProj.vcxproj", "{53343218-C5B7-489E-A308-C972552B2193}"
EndProject
Project("{8BC9CEB8-8B4A-11D0-8D11-00A0C91BC942}") = "Refactoring", "Refactoring\Refactoring.vcxproj", "{BEFE0714-A4FC-4488-BFC8-E9D04515AE63}"
EndProject
Project("{8BC9CEB8-8B4A-11D0-8D11-00A0C91BC942}") = "SpriteSample", "SpriteSample\SpriteSample.vcxproj", "{C44D0875-4259-4D90-89E1-37FA3C268BCB}"
EndProject
Project("{2150E333-8FDC-42A3-9474-1A3956D46DE8}") = "Network", "Network", "{4E23A361-1310-45F5-8289-E5156CFED000}"
EndProject
Project("{8BC9CEB8-8B4A-11D0-8D11-00A0C91BC942}") = "NetClient", "NetClient\NetClient.vcxproj", "{9C21D66F-7EF8-467D-B541-62FA64A6A4D2}"
EndProject
Project("{8BC9CEB8-8B4A-11D0-8D11-00A0C91BC942}") = "NetSever", "NetSever\NetSever.vcxproj", "{93476A54-80B2-49ED-A1DF-F94D381AE019}"
EndProject
Project("{8BC9CEB8-8B4A-11D0-8D11-00A0C91BC942}") = "NonBlock_Server", "NonBlock\NonBlock.vcxproj", "{64717B10-3FDD-4B41-A7F9-B27AE617510B}"
EndProject
Project("{8BC9CEB8-8B4A-11D0-8D11-00A0C91BC942}") = "ThreadClient", "NonBlockClient\NonBlockClient.vcxproj", "{7EB3A360-0432-458F-B6BA-C81C06EAE70D}"
EndProject
Project("{2150E333-8FDC-42A3-9474-1A3956D46DE8}") = "Thread", "Thread", "{ECFFED8A-980D-46CA-A62B-04EE91E223C9}"
EndProject
Project("{8BC9CEB8-8B4A-11D0-8D11-00A0C91BC942}") = "ThreadServer", "ThreadServer\ThreadServer.vcxproj", "{355D4CB9-5501-48BA-BD38-A01DB68CBECF}"
EndProject
Project("{8BC9CEB8-8B4A-11D0-8D11-00A0C91BC942}") = "Mutex", "Mutex\Mutex.vcxproj", "{E5E4CCDB-68DF-44E8-970D-25A59ACCE073}"
EndProject
Project("{8BC9CEB8-8B4A-11D0-8D11-00A0C91BC942}") = "PacketServer", "PacketServer\PacketServer.vcxproj", "{F98F4168-F8AA-4F12-B987-36851F7DC91E}"
EndProject
Project("{8BC9CEB8-8B4A-11D0-8D11-00A0C91BC942}") = "PacketClient", "PacketClient\PacketClient.vcxproj", "{8E59ADD1-409C-4B62-8A27-DDED86AE5E89}"
EndProject
Project("{8BC9CEB8-8B4A-11D0-8D11-00A0C91BC942}") = "JH_NetworkLib", "JH_NetworkLib\JH_NetworkLib.vcxproj", "{35EEC14B-C741-4974-9395-97FE72C424AA}"
EndProject
Project("{8BC9CEB8-8B4A-11D0-8D11-00A0C91BC942}") = "SelectClient", "Select\Select.vcxproj", "{53A824D5-67D6-40C2-9B31-81F12B11A41A}"
EndProject
Project("{8BC9CEB8-8B4A-11D0-8D11-00A0C91BC942}") = "SStream", "SStream\SStream.vcxproj", "{0B544E77-E62B-4FE5-9DCB-96B27DE54E46}"
EndProject
Project("{8BC9CEB8-8B4A-11D0-8D11-00A0C91BC942}") = "SelectClientLiv", "SelectClientLiv\SelectClientLiv.vcxproj", "{D9B3777F-A771-48A7-893F-BB6B93B32BAF}"
EndProject
Project("{8BC9CEB8-8B4A-11D0-8D11-00A0C91BC942}") = "StdSelectServer", "SelectServer\SelectServer.vcxproj", "{7163874D-EB47-4E70-8A8E-D2719A881FD0}"
EndProject
Project("{2150E333-8FDC-42A3-9474-1A3956D46DE8}") = "FileIO", "FileIO", "{296AFABA-3A98-447E-A99F-D01B4F2A92D0}"
EndProject
Project("{8BC9CEB8-8B4A-11D0-8D11-00A0C91BC942}") = "FileIO_1", "FileIO_1\FileIO_1.vcxproj", "{6C718955-95D3-40A3-A819-353384D738C4}"
EndProject
Project("{2150E333-8FDC-42A3-9474-1A3956D46DE8}") = "NetworkGS", "NetworkGS", "{2606FFF6-3B20-45DD-96D1-19F01FCB75E0}"
EndProject
Project("{8BC9CEB8-8B4A-11D0-8D11-00A0C91BC942}") = "IOCP", "IOCP\IOCP.vcxproj", "{7C575A6C-E0F1-42D8-AD02-FD6A93DD524A}"
EndProject
Project("{8BC9CEB8-8B4A-11D0-8D11-00A0C91BC942}") = "GS_Sample1", "GS_Sample1\GS_Sample1.vcxproj", "{A9D7E59C-307E-4D49-A436-D6A633777018}"
EndProject
Project("{8BC9CEB8-8B4A-11D0-8D11-00A0C91BC942}") = "GloverServerLib", "GloverServerLib\GloverServerLib.vcxproj", "{97D67A88-4DF7-4324-92C1-6433F5B51D03}"
EndProject
Project("{8BC9CEB8-8B4A-11D0-8D11-00A0C91BC942}") = "RockMan_DX", "RockMan_DX\RockMan_DX.vcxproj", "{7A84B6AF-1E49-45D5-8967-25F13C88587F}"
EndProject
Project("{2150E333-8FDC-42A3-9474-1A3956D46DE8}") = "DB", "DB", "{ADC921E0-DC9A-41B7-8891-A250C9ED58BC}"
EndProject
Project("{8BC9CEB8-8B4A-11D0-8D11-00A0C91BC942}") = "ODBC_1", "ODBC_1\ODBC_1.vcxproj", "{F6BFD1E7-7358-40E2-B1E2-400578F8ABDE}"
EndProject
Project("{8BC9CEB8-8B4A-11D0-8D11-00A0C91BC942}") = "ODBC_2", "ODBC_2\ODBC_2.vcxproj", "{1CBD1CD1-32D5-4E92-8BA6-A459C2C3727B}"
EndProject
Project("{8BC9CEB8-8B4A-11D0-8D11-00A0C91BC942}") = "ODBC_Mysql", "ODBC_Mysql\ODBC_Mysql.vcxproj", "{37FD66D3-C2DD-4156-8E0E-BFDF80461F54}"
EndProject
Project("{8BC9CEB8-8B4A-11D0-8D11-00A0C91BC942}") = "Sample2", "Sample2\Sample2.vcxproj", "{B9099A79-3E59-45C6-831B-52AF9B4B8594}"
EndProject
Project("{8BC9CEB8-8B4A-11D0-8D11-00A0C91BC942}") = "HeightMap", "HeightMap\HeightMap.vcxproj", "{5FE091C2-FF3D-4090-BA34-5EBC215877BE}"
EndProject
Project("{8BC9CEB8-8B4A-11D0-8D11-00A0C91BC942}") = "PersonalNarrativeCamera", "PersonalNarrativeCamera\PersonalNarrativeCamera.vcxproj", "{FD33E3A9-17C4-4152-A7B7-95EDEAB3834D}"
EndProject
Project("{8BC9CEB8-8B4A-11D0-8D11-00A0C91BC942}") = "PointLight", "PointLight\PointLight.vcxproj", "{21E844E7-0615-4945-A105-B0B97E9D83B4}"
EndProject
Project("{8BC9CEB8-8B4A-11D0-8D11-00A0C91BC942}") = "SpotLight_0", "SpotLight_0\SpotLight_0.vcxproj", "{9F3B66AB-8C5F-48D9-857A-DCB0507F4EB2}"
EndProject
Project("{8BC9CEB8-8B4A-11D0-8D11-00A0C91BC942}") = "SpotLight_1", "SpotLight_1\SpotLight.vcxproj", "{647E8C2E-6C85-451B-A6A1-06A980F5E05F}"
EndProject
Project("{8BC9CEB8-8B4A-11D0-8D11-00A0C91BC942}") = "ModelAseViewer", "ModelAseViewer\ModelAseViewer.vcxproj", "{71976044-F490-4104-A990-C1CCAA56E7FB}"
EndProject
Project("{8BC9CEB8-8B4A-11D0-8D11-00A0C91BC942}") = "AinMation", "AinMation\AinMation.vcxproj", "{CED7AD0E-34D3-4677-B80B-1982E9C1FDA6}"
EndProject
Project("{2150E333-8FDC-42A3-9474-1A3956D46DE8}") = "Object", "Object", "{8FE2520F-F92F-4A44-8B10-190FFAD7157F}"
EndProject
Project("{2150E333-8FDC-42A3-9474-1A3956D46DE8}") = "Light", "Light", "{EC38C22C-642B-433A-979C-ADB0A1A2ECE3}"
EndProject
Project("{2150E333-8FDC-42A3-9474-1A3956D46DE8}") = "Map", "Map", "{224E42D5-6C59-4D08-824C-4F3BA0FCD0C5}"
EndProject
Project("{2150E333-8FDC-42A3-9474-1A3956D46DE8}") = "Basic", "Basic", "{C1735CA6-80BC-4DB6-873A-25C19FFFD21B}"
EndProject
Project("{8BC9CEB8-8B4A-11D0-8D11-00A0C91BC942}") = "ObjectAnimation", "ObjectAnimation\ObjectAnimation.vcxproj", "{927B07AD-5C5D-446B-A46C-0A92CF1C716A}"
EndProject
Project("{8BC9CEB8-8B4A-11D0-8D11-00A0C91BC942}") = "Animation_Turret", "Animation_Turret\Animation_Turret.vcxproj", "{88212ED7-07FE-4113-A354-E2D7089C5A05}"
EndProject
Project("{8BC9CEB8-8B4A-11D0-8D11-00A0C91BC942}") = "MaxExporter", "MaxExpotrer\MaxExpotrer.vcxproj", "{54C6B697-288A-4C63-9C78-4C34A6C23724}"
EndProject
Project("{8BC9CEB8-8B4A-11D0-8D11-00A0C91BC942}") = "Turret_MaxEx", "Turret_MaxEx\Turret_MaxEx.vcxproj", "{CE797D2E-2B98-4F2A-9A51-E6D38F6EA59E}"
EndProject
Project("{8BC9CEB8-8B4A-11D0-8D11-00A0C91BC942}") = "MaxUtility", "MaxUtility\MaxUtility.vcxproj", "{D7E8A961-8078-49A1-BC38-26CB8D52DFD5}"
EndProject
Project("{8BC9CEB8-8B4A-11D0-8D11-00A0C91BC942}") = "Character_MaxUtil", "Character_MaxUtil\Character_MaxUtil.vcxproj", "{E59C1991-CF34-41D0-A417-4108A212A933}"
EndProject
Project("{2150E333-8FDC-42A3-9474-1A3956D46DE8}") = "NewFolder1", "NewFolder1", "{468882CB-3931-4687-A6E9-56458B21204F}"
EndProject
Project("{2150E333-8FDC-42A3-9474-1A3956D46DE8}") = "MFC", "MFC", "{6A3CC7EE-452C-46E4-AA22-A77DFC9122E4}"
EndProject
Project("{8BC9CEB8-8B4A-11D0-8D11-00A0C91BC942}") = "LightMgr_0", "LightMgr_0\LightMgr_0.vcxproj", "{89234099-20CC-4111-B349-DF8855584109}"
EndProject
Project("{8BC9CEB8-8B4A-11D0-8D11-00A0C91BC942}") = "JH_Tool", "JH_Tool\JH_Tool.vcxproj", "{ECA0EA6D-3AC1-4EE3-9A71-638C366C1399}"
EndProject
Project("{8BC9CEB8-8B4A-11D0-8D11-00A0C91BC942}") = "JHDXCore", "JHDXCore\JHDXCore.vcxproj", "{E84028A8-4516-41BF-B941-C7BF356A66D1}"
EndProject
Global
	GlobalSection(SolutionConfigurationPlatforms) = preSolution
		Debug|x64 = Debug|x64
		Debug|x86 = Debug|x86
		Release|x64 = Release|x64
		Release|x86 = Release|x86
	EndGlobalSection
	GlobalSection(ProjectConfigurationPlatforms) = postSolution
		{6BE71E75-2FF4-400B-9A7D-0343BA210C40}.Debug|x64.ActiveCfg = Debug|x64
		{6BE71E75-2FF4-400B-9A7D-0343BA210C40}.Debug|x64.Build.0 = Debug|x64
		{6BE71E75-2FF4-400B-9A7D-0343BA210C40}.Debug|x86.ActiveCfg = Debug|Win32
		{6BE71E75-2FF4-400B-9A7D-0343BA210C40}.Debug|x86.Build.0 = Debug|Win32
		{6BE71E75-2FF4-400B-9A7D-0343BA210C40}.Release|x64.ActiveCfg = Release|x64
		{6BE71E75-2FF4-400B-9A7D-0343BA210C40}.Release|x64.Build.0 = Release|x64
		{6BE71E75-2FF4-400B-9A7D-0343BA210C40}.Release|x86.ActiveCfg = Release|Win32
		{6BE71E75-2FF4-400B-9A7D-0343BA210C40}.Release|x86.Build.0 = Release|Win32
		{2943EA3E-B68B-44A3-BACA-8311663DA191}.Debug|x64.ActiveCfg = Debug|x64
		{2943EA3E-B68B-44A3-BACA-8311663DA191}.Debug|x64.Build.0 = Debug|x64
		{2943EA3E-B68B-44A3-BACA-8311663DA191}.Debug|x86.ActiveCfg = Debug|Win32
		{2943EA3E-B68B-44A3-BACA-8311663DA191}.Debug|x86.Build.0 = Debug|Win32
		{2943EA3E-B68B-44A3-BACA-8311663DA191}.Release|x64.ActiveCfg = Release|x64
		{2943EA3E-B68B-44A3-BACA-8311663DA191}.Release|x64.Build.0 = Release|x64
		{2943EA3E-B68B-44A3-BACA-8311663DA191}.Release|x86.ActiveCfg = Release|Win32
		{2943EA3E-B68B-44A3-BACA-8311663DA191}.Release|x86.Build.0 = Release|Win32
		{E3C82431-8171-4112-8120-6B877F9CDC2C}.Debug|x64.ActiveCfg = Debug|x64
		{E3C82431-8171-4112-8120-6B877F9CDC2C}.Debug|x64.Build.0 = Debug|x64
		{E3C82431-8171-4112-8120-6B877F9CDC2C}.Debug|x86.ActiveCfg = Debug|Win32
		{E3C82431-8171-4112-8120-6B877F9CDC2C}.Debug|x86.Build.0 = Debug|Win32
		{E3C82431-8171-4112-8120-6B877F9CDC2C}.Release|x64.ActiveCfg = Release|x64
		{E3C82431-8171-4112-8120-6B877F9CDC2C}.Release|x64.Build.0 = Release|x64
		{E3C82431-8171-4112-8120-6B877F9CDC2C}.Release|x86.ActiveCfg = Release|Win32
		{E3C82431-8171-4112-8120-6B877F9CDC2C}.Release|x86.Build.0 = Release|Win32
		{64A17C2A-A281-4D5D-983D-423C99377898}.Debug|x64.ActiveCfg = Debug|x64
		{64A17C2A-A281-4D5D-983D-423C99377898}.Debug|x64.Build.0 = Debug|x64
		{64A17C2A-A281-4D5D-983D-423C99377898}.Debug|x86.ActiveCfg = Debug|Win32
		{64A17C2A-A281-4D5D-983D-423C99377898}.Debug|x86.Build.0 = Debug|Win32
		{64A17C2A-A281-4D5D-983D-423C99377898}.Release|x64.ActiveCfg = Release|x64
		{64A17C2A-A281-4D5D-983D-423C99377898}.Release|x64.Build.0 = Release|x64
		{64A17C2A-A281-4D5D-983D-423C99377898}.Release|x86.ActiveCfg = Release|Win32
		{64A17C2A-A281-4D5D-983D-423C99377898}.Release|x86.Build.0 = Release|Win32
		{FD46B50B-67D5-42CB-AC6E-66ED15930D37}.Debug|x64.ActiveCfg = Debug|x64
		{FD46B50B-67D5-42CB-AC6E-66ED15930D37}.Debug|x64.Build.0 = Debug|x64
		{FD46B50B-67D5-42CB-AC6E-66ED15930D37}.Debug|x86.ActiveCfg = Debug|Win32
		{FD46B50B-67D5-42CB-AC6E-66ED15930D37}.Debug|x86.Build.0 = Debug|Win32
		{FD46B50B-67D5-42CB-AC6E-66ED15930D37}.Release|x64.ActiveCfg = Release|x64
		{FD46B50B-67D5-42CB-AC6E-66ED15930D37}.Release|x64.Build.0 = Release|x64
		{FD46B50B-67D5-42CB-AC6E-66ED15930D37}.Release|x86.ActiveCfg = Release|Win32
		{FD46B50B-67D5-42CB-AC6E-66ED15930D37}.Release|x86.Build.0 = Release|Win32
		{8C9558E4-ED14-48E3-92F2-0BFFFF478A8E}.Debug|x64.ActiveCfg = Debug|x64
		{8C9558E4-ED14-48E3-92F2-0BFFFF478A8E}.Debug|x64.Build.0 = Debug|x64
		{8C9558E4-ED14-48E3-92F2-0BFFFF478A8E}.Debug|x86.ActiveCfg = Debug|Win32
		{8C9558E4-ED14-48E3-92F2-0BFFFF478A8E}.Debug|x86.Build.0 = Debug|Win32
		{8C9558E4-ED14-48E3-92F2-0BFFFF478A8E}.Release|x64.ActiveCfg = Release|x64
		{8C9558E4-ED14-48E3-92F2-0BFFFF478A8E}.Release|x64.Build.0 = Release|x64
		{8C9558E4-ED14-48E3-92F2-0BFFFF478A8E}.Release|x86.ActiveCfg = Release|Win32
		{8C9558E4-ED14-48E3-92F2-0BFFFF478A8E}.Release|x86.Build.0 = Release|Win32
		{B259A12A-DE99-460E-9900-A9D2804E57A2}.Debug|x64.ActiveCfg = Debug|x64
		{B259A12A-DE99-460E-9900-A9D2804E57A2}.Debug|x64.Build.0 = Debug|x64
		{B259A12A-DE99-460E-9900-A9D2804E57A2}.Debug|x86.ActiveCfg = Debug|Win32
		{B259A12A-DE99-460E-9900-A9D2804E57A2}.Debug|x86.Build.0 = Debug|Win32
		{B259A12A-DE99-460E-9900-A9D2804E57A2}.Release|x64.ActiveCfg = Release|x64
		{B259A12A-DE99-460E-9900-A9D2804E57A2}.Release|x64.Build.0 = Release|x64
		{B259A12A-DE99-460E-9900-A9D2804E57A2}.Release|x86.ActiveCfg = Release|Win32
		{B259A12A-DE99-460E-9900-A9D2804E57A2}.Release|x86.Build.0 = Release|Win32
		{47AD6FA0-6ED6-481C-88F7-D36BE9A3F325}.Debug|x64.ActiveCfg = Debug|x64
		{47AD6FA0-6ED6-481C-88F7-D36BE9A3F325}.Debug|x64.Build.0 = Debug|x64
		{47AD6FA0-6ED6-481C-88F7-D36BE9A3F325}.Debug|x86.ActiveCfg = Debug|Win32
		{47AD6FA0-6ED6-481C-88F7-D36BE9A3F325}.Debug|x86.Build.0 = Debug|Win32
		{47AD6FA0-6ED6-481C-88F7-D36BE9A3F325}.Release|x64.ActiveCfg = Release|x64
		{47AD6FA0-6ED6-481C-88F7-D36BE9A3F325}.Release|x64.Build.0 = Release|x64
		{47AD6FA0-6ED6-481C-88F7-D36BE9A3F325}.Release|x86.ActiveCfg = Release|Win32
		{47AD6FA0-6ED6-481C-88F7-D36BE9A3F325}.Release|x86.Build.0 = Release|Win32
		{59BF9F00-C718-4391-835D-7637A11B9D4A}.Debug|x64.ActiveCfg = Debug|x64
		{59BF9F00-C718-4391-835D-7637A11B9D4A}.Debug|x64.Build.0 = Debug|x64
		{59BF9F00-C718-4391-835D-7637A11B9D4A}.Debug|x86.ActiveCfg = Debug|Win32
		{59BF9F00-C718-4391-835D-7637A11B9D4A}.Debug|x86.Build.0 = Debug|Win32
		{59BF9F00-C718-4391-835D-7637A11B9D4A}.Release|x64.ActiveCfg = Release|x64
		{59BF9F00-C718-4391-835D-7637A11B9D4A}.Release|x64.Build.0 = Release|x64
		{59BF9F00-C718-4391-835D-7637A11B9D4A}.Release|x86.ActiveCfg = Release|Win32
		{59BF9F00-C718-4391-835D-7637A11B9D4A}.Release|x86.Build.0 = Release|Win32
		{EDEE6159-EC0B-4A0D-8B62-CD6F73233DAE}.Debug|x64.ActiveCfg = Debug|x64
		{EDEE6159-EC0B-4A0D-8B62-CD6F73233DAE}.Debug|x64.Build.0 = Debug|x64
		{EDEE6159-EC0B-4A0D-8B62-CD6F73233DAE}.Debug|x86.ActiveCfg = Debug|Win32
		{EDEE6159-EC0B-4A0D-8B62-CD6F73233DAE}.Debug|x86.Build.0 = Debug|Win32
		{EDEE6159-EC0B-4A0D-8B62-CD6F73233DAE}.Release|x64.ActiveCfg = Release|x64
		{EDEE6159-EC0B-4A0D-8B62-CD6F73233DAE}.Release|x64.Build.0 = Release|x64
		{EDEE6159-EC0B-4A0D-8B62-CD6F73233DAE}.Release|x86.ActiveCfg = Release|Win32
		{EDEE6159-EC0B-4A0D-8B62-CD6F73233DAE}.Release|x86.Build.0 = Release|Win32
		{2DB70C4B-6970-4509-8ABE-FB64638E6088}.Debug|x64.ActiveCfg = Debug|x64
		{2DB70C4B-6970-4509-8ABE-FB64638E6088}.Debug|x64.Build.0 = Debug|x64
		{2DB70C4B-6970-4509-8ABE-FB64638E6088}.Debug|x86.ActiveCfg = Debug|Win32
		{2DB70C4B-6970-4509-8ABE-FB64638E6088}.Debug|x86.Build.0 = Debug|Win32
		{2DB70C4B-6970-4509-8ABE-FB64638E6088}.Release|x64.ActiveCfg = Release|x64
		{2DB70C4B-6970-4509-8ABE-FB64638E6088}.Release|x64.Build.0 = Release|x64
		{2DB70C4B-6970-4509-8ABE-FB64638E6088}.Release|x86.ActiveCfg = Release|Win32
		{2DB70C4B-6970-4509-8ABE-FB64638E6088}.Release|x86.Build.0 = Release|Win32
		{2C6F9362-59D2-4632-8813-04DAE58AA67E}.Debug|x64.ActiveCfg = Debug|x64
		{2C6F9362-59D2-4632-8813-04DAE58AA67E}.Debug|x64.Build.0 = Debug|x64
		{2C6F9362-59D2-4632-8813-04DAE58AA67E}.Debug|x86.ActiveCfg = Debug|Win32
		{2C6F9362-59D2-4632-8813-04DAE58AA67E}.Debug|x86.Build.0 = Debug|Win32
		{2C6F9362-59D2-4632-8813-04DAE58AA67E}.Release|x64.ActiveCfg = Release|x64
		{2C6F9362-59D2-4632-8813-04DAE58AA67E}.Release|x64.Build.0 = Release|x64
		{2C6F9362-59D2-4632-8813-04DAE58AA67E}.Release|x86.ActiveCfg = Release|Win32
		{2C6F9362-59D2-4632-8813-04DAE58AA67E}.Release|x86.Build.0 = Release|Win32
		{F1E0FD67-EA5D-48A3-90B3-556210E9D5C2}.Debug|x64.ActiveCfg = Debug|x64
		{F1E0FD67-EA5D-48A3-90B3-556210E9D5C2}.Debug|x64.Build.0 = Debug|x64
		{F1E0FD67-EA5D-48A3-90B3-556210E9D5C2}.Debug|x86.ActiveCfg = Debug|Win32
		{F1E0FD67-EA5D-48A3-90B3-556210E9D5C2}.Debug|x86.Build.0 = Debug|Win32
		{F1E0FD67-EA5D-48A3-90B3-556210E9D5C2}.Release|x64.ActiveCfg = Release|x64
		{F1E0FD67-EA5D-48A3-90B3-556210E9D5C2}.Release|x64.Build.0 = Release|x64
		{F1E0FD67-EA5D-48A3-90B3-556210E9D5C2}.Release|x86.ActiveCfg = Release|Win32
		{F1E0FD67-EA5D-48A3-90B3-556210E9D5C2}.Release|x86.Build.0 = Release|Win32
		{C7E3282A-ED72-44C9-BCCD-223E3FE96DFB}.Debug|x64.ActiveCfg = Debug|x64
		{C7E3282A-ED72-44C9-BCCD-223E3FE96DFB}.Debug|x64.Build.0 = Debug|x64
		{C7E3282A-ED72-44C9-BCCD-223E3FE96DFB}.Debug|x86.ActiveCfg = Debug|Win32
		{C7E3282A-ED72-44C9-BCCD-223E3FE96DFB}.Debug|x86.Build.0 = Debug|Win32
		{C7E3282A-ED72-44C9-BCCD-223E3FE96DFB}.Release|x64.ActiveCfg = Release|x64
		{C7E3282A-ED72-44C9-BCCD-223E3FE96DFB}.Release|x64.Build.0 = Release|x64
		{C7E3282A-ED72-44C9-BCCD-223E3FE96DFB}.Release|x86.ActiveCfg = Release|Win32
		{C7E3282A-ED72-44C9-BCCD-223E3FE96DFB}.Release|x86.Build.0 = Release|Win32
		{53343218-C5B7-489E-A308-C972552B2193}.Debug|x64.ActiveCfg = Debug|x64
		{53343218-C5B7-489E-A308-C972552B2193}.Debug|x64.Build.0 = Debug|x64
		{53343218-C5B7-489E-A308-C972552B2193}.Debug|x86.ActiveCfg = Debug|Win32
		{53343218-C5B7-489E-A308-C972552B2193}.Debug|x86.Build.0 = Debug|Win32
		{53343218-C5B7-489E-A308-C972552B2193}.Release|x64.ActiveCfg = Release|x64
		{53343218-C5B7-489E-A308-C972552B2193}.Release|x64.Build.0 = Release|x64
		{53343218-C5B7-489E-A308-C972552B2193}.Release|x86.ActiveCfg = Release|Win32
		{53343218-C5B7-489E-A308-C972552B2193}.Release|x86.Build.0 = Release|Win32
		{BEFE0714-A4FC-4488-BFC8-E9D04515AE63}.Debug|x64.ActiveCfg = Debug|x64
		{BEFE0714-A4FC-4488-BFC8-E9D04515AE63}.Debug|x64.Build.0 = Debug|x64
		{BEFE0714-A4FC-4488-BFC8-E9D04515AE63}.Debug|x86.ActiveCfg = Debug|Win32
		{BEFE0714-A4FC-4488-BFC8-E9D04515AE63}.Debug|x86.Build.0 = Debug|Win32
		{BEFE0714-A4FC-4488-BFC8-E9D04515AE63}.Release|x64.ActiveCfg = Release|x64
		{BEFE0714-A4FC-4488-BFC8-E9D04515AE63}.Release|x64.Build.0 = Release|x64
		{BEFE0714-A4FC-4488-BFC8-E9D04515AE63}.Release|x86.ActiveCfg = Release|Win32
		{BEFE0714-A4FC-4488-BFC8-E9D04515AE63}.Release|x86.Build.0 = Release|Win32
		{C44D0875-4259-4D90-89E1-37FA3C268BCB}.Debug|x64.ActiveCfg = Debug|x64
		{C44D0875-4259-4D90-89E1-37FA3C268BCB}.Debug|x64.Build.0 = Debug|x64
		{C44D0875-4259-4D90-89E1-37FA3C268BCB}.Debug|x86.ActiveCfg = Debug|Win32
		{C44D0875-4259-4D90-89E1-37FA3C268BCB}.Debug|x86.Build.0 = Debug|Win32
		{C44D0875-4259-4D90-89E1-37FA3C268BCB}.Release|x64.ActiveCfg = Release|x64
		{C44D0875-4259-4D90-89E1-37FA3C268BCB}.Release|x64.Build.0 = Release|x64
		{C44D0875-4259-4D90-89E1-37FA3C268BCB}.Release|x86.ActiveCfg = Release|Win32
		{C44D0875-4259-4D90-89E1-37FA3C268BCB}.Release|x86.Build.0 = Release|Win32
		{9C21D66F-7EF8-467D-B541-62FA64A6A4D2}.Debug|x64.ActiveCfg = Debug|x64
		{9C21D66F-7EF8-467D-B541-62FA64A6A4D2}.Debug|x64.Build.0 = Debug|x64
		{9C21D66F-7EF8-467D-B541-62FA64A6A4D2}.Debug|x86.ActiveCfg = Debug|Win32
		{9C21D66F-7EF8-467D-B541-62FA64A6A4D2}.Debug|x86.Build.0 = Debug|Win32
		{9C21D66F-7EF8-467D-B541-62FA64A6A4D2}.Release|x64.ActiveCfg = Release|x64
		{9C21D66F-7EF8-467D-B541-62FA64A6A4D2}.Release|x64.Build.0 = Release|x64
		{9C21D66F-7EF8-467D-B541-62FA64A6A4D2}.Release|x86.ActiveCfg = Release|Win32
		{9C21D66F-7EF8-467D-B541-62FA64A6A4D2}.Release|x86.Build.0 = Release|Win32
		{93476A54-80B2-49ED-A1DF-F94D381AE019}.Debug|x64.ActiveCfg = Debug|x64
		{93476A54-80B2-49ED-A1DF-F94D381AE019}.Debug|x64.Build.0 = Debug|x64
		{93476A54-80B2-49ED-A1DF-F94D381AE019}.Debug|x86.ActiveCfg = Debug|Win32
		{93476A54-80B2-49ED-A1DF-F94D381AE019}.Debug|x86.Build.0 = Debug|Win32
		{93476A54-80B2-49ED-A1DF-F94D381AE019}.Release|x64.ActiveCfg = Release|x64
		{93476A54-80B2-49ED-A1DF-F94D381AE019}.Release|x64.Build.0 = Release|x64
		{93476A54-80B2-49ED-A1DF-F94D381AE019}.Release|x86.ActiveCfg = Release|Win32
		{93476A54-80B2-49ED-A1DF-F94D381AE019}.Release|x86.Build.0 = Release|Win32
		{64717B10-3FDD-4B41-A7F9-B27AE617510B}.Debug|x64.ActiveCfg = Debug|x64
		{64717B10-3FDD-4B41-A7F9-B27AE617510B}.Debug|x64.Build.0 = Debug|x64
		{64717B10-3FDD-4B41-A7F9-B27AE617510B}.Debug|x86.ActiveCfg = Debug|Win32
		{64717B10-3FDD-4B41-A7F9-B27AE617510B}.Debug|x86.Build.0 = Debug|Win32
		{64717B10-3FDD-4B41-A7F9-B27AE617510B}.Release|x64.ActiveCfg = Release|x64
		{64717B10-3FDD-4B41-A7F9-B27AE617510B}.Release|x64.Build.0 = Release|x64
		{64717B10-3FDD-4B41-A7F9-B27AE617510B}.Release|x86.ActiveCfg = Release|Win32
		{64717B10-3FDD-4B41-A7F9-B27AE617510B}.Release|x86.Build.0 = Release|Win32
		{7EB3A360-0432-458F-B6BA-C81C06EAE70D}.Debug|x64.ActiveCfg = Debug|x64
		{7EB3A360-0432-458F-B6BA-C81C06EAE70D}.Debug|x64.Build.0 = Debug|x64
		{7EB3A360-0432-458F-B6BA-C81C06EAE70D}.Debug|x86.ActiveCfg = Debug|Win32
		{7EB3A360-0432-458F-B6BA-C81C06EAE70D}.Debug|x86.Build.0 = Debug|Win32
		{7EB3A360-0432-458F-B6BA-C81C06EAE70D}.Release|x64.ActiveCfg = Release|x64
		{7EB3A360-0432-458F-B6BA-C81C06EAE70D}.Release|x64.Build.0 = Release|x64
		{7EB3A360-0432-458F-B6BA-C81C06EAE70D}.Release|x86.ActiveCfg = Release|Win32
		{7EB3A360-0432-458F-B6BA-C81C06EAE70D}.Release|x86.Build.0 = Release|Win32
		{355D4CB9-5501-48BA-BD38-A01DB68CBECF}.Debug|x64.ActiveCfg = Debug|x64
		{355D4CB9-5501-48BA-BD38-A01DB68CBECF}.Debug|x64.Build.0 = Debug|x64
		{355D4CB9-5501-48BA-BD38-A01DB68CBECF}.Debug|x86.ActiveCfg = Debug|Win32
		{355D4CB9-5501-48BA-BD38-A01DB68CBECF}.Debug|x86.Build.0 = Debug|Win32
		{355D4CB9-5501-48BA-BD38-A01DB68CBECF}.Release|x64.ActiveCfg = Release|x64
		{355D4CB9-5501-48BA-BD38-A01DB68CBECF}.Release|x64.Build.0 = Release|x64
		{355D4CB9-5501-48BA-BD38-A01DB68CBECF}.Release|x86.ActiveCfg = Release|Win32
		{355D4CB9-5501-48BA-BD38-A01DB68CBECF}.Release|x86.Build.0 = Release|Win32
		{E5E4CCDB-68DF-44E8-970D-25A59ACCE073}.Debug|x64.ActiveCfg = Debug|x64
		{E5E4CCDB-68DF-44E8-970D-25A59ACCE073}.Debug|x64.Build.0 = Debug|x64
		{E5E4CCDB-68DF-44E8-970D-25A59ACCE073}.Debug|x86.ActiveCfg = Debug|Win32
		{E5E4CCDB-68DF-44E8-970D-25A59ACCE073}.Debug|x86.Build.0 = Debug|Win32
		{E5E4CCDB-68DF-44E8-970D-25A59ACCE073}.Release|x64.ActiveCfg = Release|x64
		{E5E4CCDB-68DF-44E8-970D-25A59ACCE073}.Release|x64.Build.0 = Release|x64
		{E5E4CCDB-68DF-44E8-970D-25A59ACCE073}.Release|x86.ActiveCfg = Release|Win32
		{E5E4CCDB-68DF-44E8-970D-25A59ACCE073}.Release|x86.Build.0 = Release|Win32
		{F98F4168-F8AA-4F12-B987-36851F7DC91E}.Debug|x64.ActiveCfg = Debug|x64
		{F98F4168-F8AA-4F12-B987-36851F7DC91E}.Debug|x64.Build.0 = Debug|x64
		{F98F4168-F8AA-4F12-B987-36851F7DC91E}.Debug|x86.ActiveCfg = Debug|Win32
		{F98F4168-F8AA-4F12-B987-36851F7DC91E}.Debug|x86.Build.0 = Debug|Win32
		{F98F4168-F8AA-4F12-B987-36851F7DC91E}.Release|x64.ActiveCfg = Release|x64
		{F98F4168-F8AA-4F12-B987-36851F7DC91E}.Release|x64.Build.0 = Release|x64
		{F98F4168-F8AA-4F12-B987-36851F7DC91E}.Release|x86.ActiveCfg = Release|Win32
		{F98F4168-F8AA-4F12-B987-36851F7DC91E}.Release|x86.Build.0 = Release|Win32
		{8E59ADD1-409C-4B62-8A27-DDED86AE5E89}.Debug|x64.ActiveCfg = Debug|x64
		{8E59ADD1-409C-4B62-8A27-DDED86AE5E89}.Debug|x64.Build.0 = Debug|x64
		{8E59ADD1-409C-4B62-8A27-DDED86AE5E89}.Debug|x86.ActiveCfg = Debug|Win32
		{8E59ADD1-409C-4B62-8A27-DDED86AE5E89}.Debug|x86.Build.0 = Debug|Win32
		{8E59ADD1-409C-4B62-8A27-DDED86AE5E89}.Release|x64.ActiveCfg = Release|x64
		{8E59ADD1-409C-4B62-8A27-DDED86AE5E89}.Release|x64.Build.0 = Release|x64
		{8E59ADD1-409C-4B62-8A27-DDED86AE5E89}.Release|x86.ActiveCfg = Release|Win32
		{8E59ADD1-409C-4B62-8A27-DDED86AE5E89}.Release|x86.Build.0 = Release|Win32
		{35EEC14B-C741-4974-9395-97FE72C424AA}.Debug|x64.ActiveCfg = Debug|x64
		{35EEC14B-C741-4974-9395-97FE72C424AA}.Debug|x64.Build.0 = Debug|x64
		{35EEC14B-C741-4974-9395-97FE72C424AA}.Debug|x86.ActiveCfg = Debug|Win32
		{35EEC14B-C741-4974-9395-97FE72C424AA}.Debug|x86.Build.0 = Debug|Win32
		{35EEC14B-C741-4974-9395-97FE72C424AA}.Release|x64.ActiveCfg = Release|x64
		{35EEC14B-C741-4974-9395-97FE72C424AA}.Release|x64.Build.0 = Release|x64
		{35EEC14B-C741-4974-9395-97FE72C424AA}.Release|x86.ActiveCfg = Release|Win32
		{35EEC14B-C741-4974-9395-97FE72C424AA}.Release|x86.Build.0 = Release|Win32
		{53A824D5-67D6-40C2-9B31-81F12B11A41A}.Debug|x64.ActiveCfg = Debug|x64
		{53A824D5-67D6-40C2-9B31-81F12B11A41A}.Debug|x64.Build.0 = Debug|x64
		{53A824D5-67D6-40C2-9B31-81F12B11A41A}.Debug|x86.ActiveCfg = Debug|Win32
		{53A824D5-67D6-40C2-9B31-81F12B11A41A}.Debug|x86.Build.0 = Debug|Win32
		{53A824D5-67D6-40C2-9B31-81F12B11A41A}.Release|x64.ActiveCfg = Release|x64
		{53A824D5-67D6-40C2-9B31-81F12B11A41A}.Release|x64.Build.0 = Release|x64
		{53A824D5-67D6-40C2-9B31-81F12B11A41A}.Release|x86.ActiveCfg = Release|Win32
		{53A824D5-67D6-40C2-9B31-81F12B11A41A}.Release|x86.Build.0 = Release|Win32
		{0B544E77-E62B-4FE5-9DCB-96B27DE54E46}.Debug|x64.ActiveCfg = Debug|x64
		{0B544E77-E62B-4FE5-9DCB-96B27DE54E46}.Debug|x64.Build.0 = Debug|x64
		{0B544E77-E62B-4FE5-9DCB-96B27DE54E46}.Debug|x86.ActiveCfg = Debug|Win32
		{0B544E77-E62B-4FE5-9DCB-96B27DE54E46}.Debug|x86.Build.0 = Debug|Win32
		{0B544E77-E62B-4FE5-9DCB-96B27DE54E46}.Release|x64.ActiveCfg = Release|x64
		{0B544E77-E62B-4FE5-9DCB-96B27DE54E46}.Release|x64.Build.0 = Release|x64
		{0B544E77-E62B-4FE5-9DCB-96B27DE54E46}.Release|x86.ActiveCfg = Release|Win32
		{0B544E77-E62B-4FE5-9DCB-96B27DE54E46}.Release|x86.Build.0 = Release|Win32
		{D9B3777F-A771-48A7-893F-BB6B93B32BAF}.Debug|x64.ActiveCfg = Debug|x64
		{D9B3777F-A771-48A7-893F-BB6B93B32BAF}.Debug|x64.Build.0 = Debug|x64
		{D9B3777F-A771-48A7-893F-BB6B93B32BAF}.Debug|x86.ActiveCfg = Debug|Win32
		{D9B3777F-A771-48A7-893F-BB6B93B32BAF}.Debug|x86.Build.0 = Debug|Win32
		{D9B3777F-A771-48A7-893F-BB6B93B32BAF}.Release|x64.ActiveCfg = Release|x64
		{D9B3777F-A771-48A7-893F-BB6B93B32BAF}.Release|x64.Build.0 = Release|x64
		{D9B3777F-A771-48A7-893F-BB6B93B32BAF}.Release|x86.ActiveCfg = Release|Win32
		{D9B3777F-A771-48A7-893F-BB6B93B32BAF}.Release|x86.Build.0 = Release|Win32
		{7163874D-EB47-4E70-8A8E-D2719A881FD0}.Debug|x64.ActiveCfg = Debug|x64
		{7163874D-EB47-4E70-8A8E-D2719A881FD0}.Debug|x64.Build.0 = Debug|x64
		{7163874D-EB47-4E70-8A8E-D2719A881FD0}.Debug|x86.ActiveCfg = Debug|Win32
		{7163874D-EB47-4E70-8A8E-D2719A881FD0}.Debug|x86.Build.0 = Debug|Win32
		{7163874D-EB47-4E70-8A8E-D2719A881FD0}.Release|x64.ActiveCfg = Release|x64
		{7163874D-EB47-4E70-8A8E-D2719A881FD0}.Release|x64.Build.0 = Release|x64
		{7163874D-EB47-4E70-8A8E-D2719A881FD0}.Release|x86.ActiveCfg = Release|Win32
		{7163874D-EB47-4E70-8A8E-D2719A881FD0}.Release|x86.Build.0 = Release|Win32
		{6C718955-95D3-40A3-A819-353384D738C4}.Debug|x64.ActiveCfg = Debug|x64
		{6C718955-95D3-40A3-A819-353384D738C4}.Debug|x64.Build.0 = Debug|x64
		{6C718955-95D3-40A3-A819-353384D738C4}.Debug|x86.ActiveCfg = Debug|Win32
		{6C718955-95D3-40A3-A819-353384D738C4}.Debug|x86.Build.0 = Debug|Win32
		{6C718955-95D3-40A3-A819-353384D738C4}.Release|x64.ActiveCfg = Release|x64
		{6C718955-95D3-40A3-A819-353384D738C4}.Release|x64.Build.0 = Release|x64
		{6C718955-95D3-40A3-A819-353384D738C4}.Release|x86.ActiveCfg = Release|Win32
		{6C718955-95D3-40A3-A819-353384D738C4}.Release|x86.Build.0 = Release|Win32
		{7C575A6C-E0F1-42D8-AD02-FD6A93DD524A}.Debug|x64.ActiveCfg = Debug|x64
		{7C575A6C-E0F1-42D8-AD02-FD6A93DD524A}.Debug|x64.Build.0 = Debug|x64
		{7C575A6C-E0F1-42D8-AD02-FD6A93DD524A}.Debug|x86.ActiveCfg = Debug|Win32
		{7C575A6C-E0F1-42D8-AD02-FD6A93DD524A}.Debug|x86.Build.0 = Debug|Win32
		{7C575A6C-E0F1-42D8-AD02-FD6A93DD524A}.Release|x64.ActiveCfg = Release|x64
		{7C575A6C-E0F1-42D8-AD02-FD6A93DD524A}.Release|x64.Build.0 = Release|x64
		{7C575A6C-E0F1-42D8-AD02-FD6A93DD524A}.Release|x86.ActiveCfg = Release|Win32
		{7C575A6C-E0F1-42D8-AD02-FD6A93DD524A}.Release|x86.Build.0 = Release|Win32
		{A9D7E59C-307E-4D49-A436-D6A633777018}.Debug|x64.ActiveCfg = Debug|x64
		{A9D7E59C-307E-4D49-A436-D6A633777018}.Debug|x64.Build.0 = Debug|x64
		{A9D7E59C-307E-4D49-A436-D6A633777018}.Debug|x86.ActiveCfg = Debug|Win32
		{A9D7E59C-307E-4D49-A436-D6A633777018}.Debug|x86.Build.0 = Debug|Win32
		{A9D7E59C-307E-4D49-A436-D6A633777018}.Release|x64.ActiveCfg = Release|x64
		{A9D7E59C-307E-4D49-A436-D6A633777018}.Release|x64.Build.0 = Release|x64
		{A9D7E59C-307E-4D49-A436-D6A633777018}.Release|x86.ActiveCfg = Release|Win32
		{A9D7E59C-307E-4D49-A436-D6A633777018}.Release|x86.Build.0 = Release|Win32
		{97D67A88-4DF7-4324-92C1-6433F5B51D03}.Debug|x64.ActiveCfg = Debug|x64
		{97D67A88-4DF7-4324-92C1-6433F5B51D03}.Debug|x64.Build.0 = Debug|x64
		{97D67A88-4DF7-4324-92C1-6433F5B51D03}.Debug|x86.ActiveCfg = Debug|Win32
		{97D67A88-4DF7-4324-92C1-6433F5B51D03}.Debug|x86.Build.0 = Debug|Win32
		{97D67A88-4DF7-4324-92C1-6433F5B51D03}.Release|x64.ActiveCfg = Release|x64
		{97D67A88-4DF7-4324-92C1-6433F5B51D03}.Release|x64.Build.0 = Release|x64
		{97D67A88-4DF7-4324-92C1-6433F5B51D03}.Release|x86.ActiveCfg = Release|Win32
		{97D67A88-4DF7-4324-92C1-6433F5B51D03}.Release|x86.Build.0 = Release|Win32
		{7A84B6AF-1E49-45D5-8967-25F13C88587F}.Debug|x64.ActiveCfg = Debug|x64
		{7A84B6AF-1E49-45D5-8967-25F13C88587F}.Debug|x64.Build.0 = Debug|x64
		{7A84B6AF-1E49-45D5-8967-25F13C88587F}.Debug|x86.ActiveCfg = Debug|Win32
		{7A84B6AF-1E49-45D5-8967-25F13C88587F}.Debug|x86.Build.0 = Debug|Win32
		{7A84B6AF-1E49-45D5-8967-25F13C88587F}.Release|x64.ActiveCfg = Release|x64
		{7A84B6AF-1E49-45D5-8967-25F13C88587F}.Release|x64.Build.0 = Release|x64
		{7A84B6AF-1E49-45D5-8967-25F13C88587F}.Release|x86.ActiveCfg = Release|Win32
		{7A84B6AF-1E49-45D5-8967-25F13C88587F}.Release|x86.Build.0 = Release|Win32
		{F6BFD1E7-7358-40E2-B1E2-400578F8ABDE}.Debug|x64.ActiveCfg = Debug|x64
		{F6BFD1E7-7358-40E2-B1E2-400578F8ABDE}.Debug|x64.Build.0 = Debug|x64
		{F6BFD1E7-7358-40E2-B1E2-400578F8ABDE}.Debug|x86.ActiveCfg = Debug|Win32
		{F6BFD1E7-7358-40E2-B1E2-400578F8ABDE}.Debug|x86.Build.0 = Debug|Win32
		{F6BFD1E7-7358-40E2-B1E2-400578F8ABDE}.Release|x64.ActiveCfg = Release|x64
		{F6BFD1E7-7358-40E2-B1E2-400578F8ABDE}.Release|x64.Build.0 = Release|x64
		{F6BFD1E7-7358-40E2-B1E2-400578F8ABDE}.Release|x86.ActiveCfg = Release|Win32
		{F6BFD1E7-7358-40E2-B1E2-400578F8ABDE}.Release|x86.Build.0 = Release|Win32
		{1CBD1CD1-32D5-4E92-8BA6-A459C2C3727B}.Debug|x64.ActiveCfg = Debug|x64
		{1CBD1CD1-32D5-4E92-8BA6-A459C2C3727B}.Debug|x64.Build.0 = Debug|x64
		{1CBD1CD1-32D5-4E92-8BA6-A459C2C3727B}.Debug|x86.ActiveCfg = Debug|Win32
		{1CBD1CD1-32D5-4E92-8BA6-A459C2C3727B}.Debug|x86.Build.0 = Debug|Win32
		{1CBD1CD1-32D5-4E92-8BA6-A459C2C3727B}.Release|x64.ActiveCfg = Release|x64
		{1CBD1CD1-32D5-4E92-8BA6-A459C2C3727B}.Release|x64.Build.0 = Release|x64
		{1CBD1CD1-32D5-4E92-8BA6-A459C2C3727B}.Release|x86.ActiveCfg = Release|Win32
		{1CBD1CD1-32D5-4E92-8BA6-A459C2C3727B}.Release|x86.Build.0 = Release|Win32
		{37FD66D3-C2DD-4156-8E0E-BFDF80461F54}.Debug|x64.ActiveCfg = Debug|x64
		{37FD66D3-C2DD-4156-8E0E-BFDF80461F54}.Debug|x64.Build.0 = Debug|x64
		{37FD66D3-C2DD-4156-8E0E-BFDF80461F54}.Debug|x86.ActiveCfg = Debug|Win32
		{37FD66D3-C2DD-4156-8E0E-BFDF80461F54}.Debug|x86.Build.0 = Debug|Win32
		{37FD66D3-C2DD-4156-8E0E-BFDF80461F54}.Release|x64.ActiveCfg = Release|x64
		{37FD66D3-C2DD-4156-8E0E-BFDF80461F54}.Release|x64.Build.0 = Release|x64
		{37FD66D3-C2DD-4156-8E0E-BFDF80461F54}.Release|x86.ActiveCfg = Release|Win32
		{37FD66D3-C2DD-4156-8E0E-BFDF80461F54}.Release|x86.Build.0 = Release|Win32
		{B9099A79-3E59-45C6-831B-52AF9B4B8594}.Debug|x64.ActiveCfg = Debug|x64
		{B9099A79-3E59-45C6-831B-52AF9B4B8594}.Debug|x64.Build.0 = Debug|x64
		{B9099A79-3E59-45C6-831B-52AF9B4B8594}.Debug|x86.ActiveCfg = Debug|Win32
		{B9099A79-3E59-45C6-831B-52AF9B4B8594}.Debug|x86.Build.0 = Debug|Win32
		{B9099A79-3E59-45C6-831B-52AF9B4B8594}.Release|x64.ActiveCfg = Release|x64
		{B9099A79-3E59-45C6-831B-52AF9B4B8594}.Release|x64.Build.0 = Release|x64
		{B9099A79-3E59-45C6-831B-52AF9B4B8594}.Release|x86.ActiveCfg = Release|Win32
		{B9099A79-3E59-45C6-831B-52AF9B4B8594}.Release|x86.Build.0 = Release|Win32
		{5FE091C2-FF3D-4090-BA34-5EBC215877BE}.Debug|x64.ActiveCfg = Debug|x64
		{5FE091C2-FF3D-4090-BA34-5EBC215877BE}.Debug|x64.Build.0 = Debug|x64
		{5FE091C2-FF3D-4090-BA34-5EBC215877BE}.Debug|x86.ActiveCfg = Debug|Win32
		{5FE091C2-FF3D-4090-BA34-5EBC215877BE}.Debug|x86.Build.0 = Debug|Win32
		{5FE091C2-FF3D-4090-BA34-5EBC215877BE}.Release|x64.ActiveCfg = Release|x64
		{5FE091C2-FF3D-4090-BA34-5EBC215877BE}.Release|x64.Build.0 = Release|x64
		{5FE091C2-FF3D-4090-BA34-5EBC215877BE}.Release|x86.ActiveCfg = Release|Win32
		{5FE091C2-FF3D-4090-BA34-5EBC215877BE}.Release|x86.Build.0 = Release|Win32
		{FD33E3A9-17C4-4152-A7B7-95EDEAB3834D}.Debug|x64.ActiveCfg = Debug|x64
		{FD33E3A9-17C4-4152-A7B7-95EDEAB3834D}.Debug|x64.Build.0 = Debug|x64
		{FD33E3A9-17C4-4152-A7B7-95EDEAB3834D}.Debug|x86.ActiveCfg = Debug|Win32
		{FD33E3A9-17C4-4152-A7B7-95EDEAB3834D}.Debug|x86.Build.0 = Debug|Win32
		{FD33E3A9-17C4-4152-A7B7-95EDEAB3834D}.Release|x64.ActiveCfg = Release|x64
		{FD33E3A9-17C4-4152-A7B7-95EDEAB3834D}.Release|x64.Build.0 = Release|x64
		{FD33E3A9-17C4-4152-A7B7-95EDEAB3834D}.Release|x86.ActiveCfg = Release|Win32
		{FD33E3A9-17C4-4152-A7B7-95EDEAB3834D}.Release|x86.Build.0 = Release|Win32
		{21E844E7-0615-4945-A105-B0B97E9D83B4}.Debug|x64.ActiveCfg = Debug|x64
		{21E844E7-0615-4945-A105-B0B97E9D83B4}.Debug|x64.Build.0 = Debug|x64
		{21E844E7-0615-4945-A105-B0B97E9D83B4}.Debug|x86.ActiveCfg = Debug|Win32
		{21E844E7-0615-4945-A105-B0B97E9D83B4}.Debug|x86.Build.0 = Debug|Win32
		{21E844E7-0615-4945-A105-B0B97E9D83B4}.Release|x64.ActiveCfg = Release|x64
		{21E844E7-0615-4945-A105-B0B97E9D83B4}.Release|x64.Build.0 = Release|x64
		{21E844E7-0615-4945-A105-B0B97E9D83B4}.Release|x86.ActiveCfg = Release|Win32
		{21E844E7-0615-4945-A105-B0B97E9D83B4}.Release|x86.Build.0 = Release|Win32
		{9F3B66AB-8C5F-48D9-857A-DCB0507F4EB2}.Debug|x64.ActiveCfg = Debug|x64
		{9F3B66AB-8C5F-48D9-857A-DCB0507F4EB2}.Debug|x64.Build.0 = Debug|x64
		{9F3B66AB-8C5F-48D9-857A-DCB0507F4EB2}.Debug|x86.ActiveCfg = Debug|Win32
		{9F3B66AB-8C5F-48D9-857A-DCB0507F4EB2}.Debug|x86.Build.0 = Debug|Win32
		{9F3B66AB-8C5F-48D9-857A-DCB0507F4EB2}.Release|x64.ActiveCfg = Release|x64
		{9F3B66AB-8C5F-48D9-857A-DCB0507F4EB2}.Release|x64.Build.0 = Release|x64
		{9F3B66AB-8C5F-48D9-857A-DCB0507F4EB2}.Release|x86.ActiveCfg = Release|Win32
		{9F3B66AB-8C5F-48D9-857A-DCB0507F4EB2}.Release|x86.Build.0 = Release|Win32
		{647E8C2E-6C85-451B-A6A1-06A980F5E05F}.Debug|x64.ActiveCfg = Debug|x64
		{647E8C2E-6C85-451B-A6A1-06A980F5E05F}.Debug|x64.Build.0 = Debug|x64
		{647E8C2E-6C85-451B-A6A1-06A980F5E05F}.Debug|x86.ActiveCfg = Debug|Win32
		{647E8C2E-6C85-451B-A6A1-06A980F5E05F}.Debug|x86.Build.0 = Debug|Win32
		{647E8C2E-6C85-451B-A6A1-06A980F5E05F}.Release|x64.ActiveCfg = Release|x64
		{647E8C2E-6C85-451B-A6A1-06A980F5E05F}.Release|x64.Build.0 = Release|x64
		{647E8C2E-6C85-451B-A6A1-06A980F5E05F}.Release|x86.ActiveCfg = Release|Win32
		{647E8C2E-6C85-451B-A6A1-06A980F5E05F}.Release|x86.Build.0 = Release|Win32
		{71976044-F490-4104-A990-C1CCAA56E7FB}.Debug|x64.ActiveCfg = Debug|x64
		{71976044-F490-4104-A990-C1CCAA56E7FB}.Debug|x64.Build.0 = Debug|x64
		{71976044-F490-4104-A990-C1CCAA56E7FB}.Debug|x86.ActiveCfg = Debug|Win32
		{71976044-F490-4104-A990-C1CCAA56E7FB}.Debug|x86.Build.0 = Debug|Win32
		{71976044-F490-4104-A990-C1CCAA56E7FB}.Release|x64.ActiveCfg = Release|x64
		{71976044-F490-4104-A990-C1CCAA56E7FB}.Release|x64.Build.0 = Release|x64
		{71976044-F490-4104-A990-C1CCAA56E7FB}.Release|x86.ActiveCfg = Release|Win32
		{71976044-F490-4104-A990-C1CCAA56E7FB}.Release|x86.Build.0 = Release|Win32
		{CED7AD0E-34D3-4677-B80B-1982E9C1FDA6}.Debug|x64.ActiveCfg = Debug|x64
		{CED7AD0E-34D3-4677-B80B-1982E9C1FDA6}.Debug|x64.Build.0 = Debug|x64
		{CED7AD0E-34D3-4677-B80B-1982E9C1FDA6}.Debug|x86.ActiveCfg = Debug|Win32
		{CED7AD0E-34D3-4677-B80B-1982E9C1FDA6}.Debug|x86.Build.0 = Debug|Win32
		{CED7AD0E-34D3-4677-B80B-1982E9C1FDA6}.Release|x64.ActiveCfg = Release|x64
		{CED7AD0E-34D3-4677-B80B-1982E9C1FDA6}.Release|x64.Build.0 = Release|x64
		{CED7AD0E-34D3-4677-B80B-1982E9C1FDA6}.Release|x86.ActiveCfg = Release|Win32
		{CED7AD0E-34D3-4677-B80B-1982E9C1FDA6}.Release|x86.Build.0 = Release|Win32
		{927B07AD-5C5D-446B-A46C-0A92CF1C716A}.Debug|x64.ActiveCfg = Debug|x64
		{927B07AD-5C5D-446B-A46C-0A92CF1C716A}.Debug|x64.Build.0 = Debug|x64
		{927B07AD-5C5D-446B-A46C-0A92CF1C716A}.Debug|x86.ActiveCfg = Debug|Win32
		{927B07AD-5C5D-446B-A46C-0A92CF1C716A}.Debug|x86.Build.0 = Debug|Win32
		{927B07AD-5C5D-446B-A46C-0A92CF1C716A}.Release|x64.ActiveCfg = Release|x64
		{927B07AD-5C5D-446B-A46C-0A92CF1C716A}.Release|x64.Build.0 = Release|x64
		{927B07AD-5C5D-446B-A46C-0A92CF1C716A}.Release|x86.ActiveCfg = Release|Win32
		{927B07AD-5C5D-446B-A46C-0A92CF1C716A}.Release|x86.Build.0 = Release|Win32
		{88212ED7-07FE-4113-A354-E2D7089C5A05}.Debug|x64.ActiveCfg = Debug|x64
		{88212ED7-07FE-4113-A354-E2D7089C5A05}.Debug|x64.Build.0 = Debug|x64
		{88212ED7-07FE-4113-A354-E2D7089C5A05}.Debug|x86.ActiveCfg = Debug|Win32
		{88212ED7-07FE-4113-A354-E2D7089C5A05}.Debug|x86.Build.0 = Debug|Win32
		{88212ED7-07FE-4113-A354-E2D7089C5A05}.Release|x64.ActiveCfg = Release|x64
		{88212ED7-07FE-4113-A354-E2D7089C5A05}.Release|x64.Build.0 = Release|x64
		{88212ED7-07FE-4113-A354-E2D7089C5A05}.Release|x86.ActiveCfg = Release|Win32
		{88212ED7-07FE-4113-A354-E2D7089C5A05}.Release|x86.Build.0 = Release|Win32
		{54C6B697-288A-4C63-9C78-4C34A6C23724}.Debug|x64.ActiveCfg = Debug|x64
		{54C6B697-288A-4C63-9C78-4C34A6C23724}.Debug|x64.Build.0 = Debug|x64
		{54C6B697-288A-4C63-9C78-4C34A6C23724}.Debug|x86.ActiveCfg = Debug|Win32
		{54C6B697-288A-4C63-9C78-4C34A6C23724}.Debug|x86.Build.0 = Debug|Win32
		{54C6B697-288A-4C63-9C78-4C34A6C23724}.Release|x64.ActiveCfg = Release|x64
		{54C6B697-288A-4C63-9C78-4C34A6C23724}.Release|x64.Build.0 = Release|x64
		{54C6B697-288A-4C63-9C78-4C34A6C23724}.Release|x86.ActiveCfg = Release|Win32
		{54C6B697-288A-4C63-9C78-4C34A6C23724}.Release|x86.Build.0 = Release|Win32
		{CE797D2E-2B98-4F2A-9A51-E6D38F6EA59E}.Debug|x64.ActiveCfg = Debug|x64
		{CE797D2E-2B98-4F2A-9A51-E6D38F6EA59E}.Debug|x64.Build.0 = Debug|x64
		{CE797D2E-2B98-4F2A-9A51-E6D38F6EA59E}.Debug|x86.ActiveCfg = Debug|Win32
		{CE797D2E-2B98-4F2A-9A51-E6D38F6EA59E}.Debug|x86.Build.0 = Debug|Win32
		{CE797D2E-2B98-4F2A-9A51-E6D38F6EA59E}.Release|x64.ActiveCfg = Release|x64
		{CE797D2E-2B98-4F2A-9A51-E6D38F6EA59E}.Release|x64.Build.0 = Release|x64
		{CE797D2E-2B98-4F2A-9A51-E6D38F6EA59E}.Release|x86.ActiveCfg = Release|Win32
		{CE797D2E-2B98-4F2A-9A51-E6D38F6EA59E}.Release|x86.Build.0 = Release|Win32
		{D7E8A961-8078-49A1-BC38-26CB8D52DFD5}.Debug|x64.ActiveCfg = Debug|x64
		{D7E8A961-8078-49A1-BC38-26CB8D52DFD5}.Debug|x64.Build.0 = Debug|x64
		{D7E8A961-8078-49A1-BC38-26CB8D52DFD5}.Debug|x86.ActiveCfg = Debug|Win32
		{D7E8A961-8078-49A1-BC38-26CB8D52DFD5}.Debug|x86.Build.0 = Debug|Win32
		{D7E8A961-8078-49A1-BC38-26CB8D52DFD5}.Release|x64.ActiveCfg = Release|x64
		{D7E8A961-8078-49A1-BC38-26CB8D52DFD5}.Release|x64.Build.0 = Release|x64
		{D7E8A961-8078-49A1-BC38-26CB8D52DFD5}.Release|x86.ActiveCfg = Release|Win32
		{D7E8A961-8078-49A1-BC38-26CB8D52DFD5}.Release|x86.Build.0 = Release|Win32
		{E59C1991-CF34-41D0-A417-4108A212A933}.Debug|x64.ActiveCfg = Debug|x64
		{E59C1991-CF34-41D0-A417-4108A212A933}.Debug|x64.Build.0 = Debug|x64
		{E59C1991-CF34-41D0-A417-4108A212A933}.Debug|x86.ActiveCfg = Debug|Win32
		{E59C1991-CF34-41D0-A417-4108A212A933}.Debug|x86.Build.0 = Debug|Win32
		{E59C1991-CF34-41D0-A417-4108A212A933}.Release|x64.ActiveCfg = Release|x64
		{E59C1991-CF34-41D0-A417-4108A212A933}.Release|x64.Build.0 = Release|x64
		{E59C1991-CF34-41D0-A417-4108A212A933}.Release|x86.ActiveCfg = Release|Win32
		{E59C1991-CF34-41D0-A417-4108A212A933}.Release|x86.Build.0 = Release|Win32
		{89234099-20CC-4111-B349-DF8855584109}.Debug|x64.ActiveCfg = Debug|x64
		{89234099-20CC-4111-B349-DF8855584109}.Debug|x64.Build.0 = Debug|x64
		{89234099-20CC-4111-B349-DF8855584109}.Debug|x86.ActiveCfg = Debug|Win32
		{89234099-20CC-4111-B349-DF8855584109}.Debug|x86.Build.0 = Debug|Win32
		{89234099-20CC-4111-B349-DF8855584109}.Release|x64.ActiveCfg = Release|x64
		{89234099-20CC-4111-B349-DF8855584109}.Release|x64.Build.0 = Release|x64
		{89234099-20CC-4111-B349-DF8855584109}.Release|x86.ActiveCfg = Release|Win32
		{89234099-20CC-4111-B349-DF8855584109}.Release|x86.Build.0 = Release|Win32
		{ECA0EA6D-3AC1-4EE3-9A71-638C366C1399}.Debug|x64.ActiveCfg = Debug|x64
		{ECA0EA6D-3AC1-4EE3-9A71-638C366C1399}.Debug|x64.Build.0 = Debug|x64
		{ECA0EA6D-3AC1-4EE3-9A71-638C366C1399}.Debug|x86.ActiveCfg = Debug|Win32
		{ECA0EA6D-3AC1-4EE3-9A71-638C366C1399}.Debug|x86.Build.0 = Debug|Win32
		{ECA0EA6D-3AC1-4EE3-9A71-638C366C1399}.Release|x64.ActiveCfg = Release|x64
		{ECA0EA6D-3AC1-4EE3-9A71-638C366C1399}.Release|x64.Build.0 = Release|x64
		{ECA0EA6D-3AC1-4EE3-9A71-638C366C1399}.Release|x86.ActiveCfg = Release|Win32
		{ECA0EA6D-3AC1-4EE3-9A71-638C366C1399}.Release|x86.Build.0 = Release|Win32
		{E84028A8-4516-41BF-B941-C7BF356A66D1}.Debug|x64.ActiveCfg = Debug|x64
		{E84028A8-4516-41BF-B941-C7BF356A66D1}.Debug|x64.Build.0 = Debug|x64
		{E84028A8-4516-41BF-B941-C7BF356A66D1}.Debug|x86.ActiveCfg = Debug|Win32
		{E84028A8-4516-41BF-B941-C7BF356A66D1}.Debug|x86.Build.0 = Debug|Win32
		{E84028A8-4516-41BF-B941-C7BF356A66D1}.Release|x64.ActiveCfg = Release|x64
		{E84028A8-4516-41BF-B941-C7BF356A66D1}.Release|x64.Build.0 = Release|x64
		{E84028A8-4516-41BF-B941-C7BF356A66D1}.Release|x86.ActiveCfg = Release|Win32
		{E84028A8-4516-41BF-B941-C7BF356A66D1}.Release|x86.Build.0 = Release|Win32
	EndGlobalSection
	GlobalSection(SolutionProperties) = preSolution
		HideSolutionNode = FALSE
	EndGlobalSection
	GlobalSection(NestedProjects) = preSolution
		{6BE71E75-2FF4-400B-9A7D-0343BA210C40} = {2A3F64C7-438A-48CF-9DD7-55CFE1F221AA}
		{2943EA3E-B68B-44A3-BACA-8311663DA191} = {2A3F64C7-438A-48CF-9DD7-55CFE1F221AA}
		{E3C82431-8171-4112-8120-6B877F9CDC2C} = {2A3F64C7-438A-48CF-9DD7-55CFE1F221AA}
		{64A17C2A-A281-4D5D-983D-423C99377898} = {92F5A438-D7F6-4811-B965-E37197FC0C14}
		{FD46B50B-67D5-42CB-AC6E-66ED15930D37} = {2A3F64C7-438A-48CF-9DD7-55CFE1F221AA}
		{8C9558E4-ED14-48E3-92F2-0BFFFF478A8E} = {2A3F64C7-438A-48CF-9DD7-55CFE1F221AA}
		{B259A12A-DE99-460E-9900-A9D2804E57A2} = {92F5A438-D7F6-4811-B965-E37197FC0C14}
		{47AD6FA0-6ED6-481C-88F7-D36BE9A3F325} = {92F5A438-D7F6-4811-B965-E37197FC0C14}
		{59BF9F00-C718-4391-835D-7637A11B9D4A} = {92F5A438-D7F6-4811-B965-E37197FC0C14}
		{2DB70C4B-6970-4509-8ABE-FB64638E6088} = {C1735CA6-80BC-4DB6-873A-25C19FFFD21B}
		{2C6F9362-59D2-4632-8813-04DAE58AA67E} = {C1735CA6-80BC-4DB6-873A-25C19FFFD21B}
		{F1E0FD67-EA5D-48A3-90B3-556210E9D5C2} = {C1735CA6-80BC-4DB6-873A-25C19FFFD21B}
		{C7E3282A-ED72-44C9-BCCD-223E3FE96DFB} = {C1735CA6-80BC-4DB6-873A-25C19FFFD21B}
		{53343218-C5B7-489E-A308-C972552B2193} = {C1735CA6-80BC-4DB6-873A-25C19FFFD21B}
		{BEFE0714-A4FC-4488-BFC8-E9D04515AE63} = {C1735CA6-80BC-4DB6-873A-25C19FFFD21B}
		{C44D0875-4259-4D90-89E1-37FA3C268BCB} = {C1735CA6-80BC-4DB6-873A-25C19FFFD21B}
		{9C21D66F-7EF8-467D-B541-62FA64A6A4D2} = {4E23A361-1310-45F5-8289-E5156CFED000}
		{93476A54-80B2-49ED-A1DF-F94D381AE019} = {4E23A361-1310-45F5-8289-E5156CFED000}
		{64717B10-3FDD-4B41-A7F9-B27AE617510B} = {4E23A361-1310-45F5-8289-E5156CFED000}
		{7EB3A360-0432-458F-B6BA-C81C06EAE70D} = {ECFFED8A-980D-46CA-A62B-04EE91E223C9}
		{ECFFED8A-980D-46CA-A62B-04EE91E223C9} = {4E23A361-1310-45F5-8289-E5156CFED000}
		{355D4CB9-5501-48BA-BD38-A01DB68CBECF} = {ECFFED8A-980D-46CA-A62B-04EE91E223C9}
		{E5E4CCDB-68DF-44E8-970D-25A59ACCE073} = {4E23A361-1310-45F5-8289-E5156CFED000}
		{F98F4168-F8AA-4F12-B987-36851F7DC91E} = {4E23A361-1310-45F5-8289-E5156CFED000}
		{8E59ADD1-409C-4B62-8A27-DDED86AE5E89} = {4E23A361-1310-45F5-8289-E5156CFED000}
		{35EEC14B-C741-4974-9395-97FE72C424AA} = {4E23A361-1310-45F5-8289-E5156CFED000}
		{53A824D5-67D6-40C2-9B31-81F12B11A41A} = {4E23A361-1310-45F5-8289-E5156CFED000}
		{0B544E77-E62B-4FE5-9DCB-96B27DE54E46} = {4E23A361-1310-45F5-8289-E5156CFED000}
		{D9B3777F-A771-48A7-893F-BB6B93B32BAF} = {4E23A361-1310-45F5-8289-E5156CFED000}
		{7163874D-EB47-4E70-8A8E-D2719A881FD0} = {4E23A361-1310-45F5-8289-E5156CFED000}
		{296AFABA-3A98-447E-A99F-D01B4F2A92D0} = {4E23A361-1310-45F5-8289-E5156CFED000}
		{6C718955-95D3-40A3-A819-353384D738C4} = {296AFABA-3A98-447E-A99F-D01B4F2A92D0}
		{2606FFF6-3B20-45DD-96D1-19F01FCB75E0} = {4E23A361-1310-45F5-8289-E5156CFED000}
		{7C575A6C-E0F1-42D8-AD02-FD6A93DD524A} = {4E23A361-1310-45F5-8289-E5156CFED000}
		{A9D7E59C-307E-4D49-A436-D6A633777018} = {4E23A361-1310-45F5-8289-E5156CFED000}
		{97D67A88-4DF7-4324-92C1-6433F5B51D03} = {2606FFF6-3B20-45DD-96D1-19F01FCB75E0}
		{7A84B6AF-1E49-45D5-8967-25F13C88587F} = {18E5E3FB-2636-46D3-B32A-E45F9371689A}
		{F6BFD1E7-7358-40E2-B1E2-400578F8ABDE} = {ADC921E0-DC9A-41B7-8891-A250C9ED58BC}
		{1CBD1CD1-32D5-4E92-8BA6-A459C2C3727B} = {ADC921E0-DC9A-41B7-8891-A250C9ED58BC}
		{37FD66D3-C2DD-4156-8E0E-BFDF80461F54} = {ADC921E0-DC9A-41B7-8891-A250C9ED58BC}
		{5FE091C2-FF3D-4090-BA34-5EBC215877BE} = {224E42D5-6C59-4D08-824C-4F3BA0FCD0C5}
		{FD33E3A9-17C4-4152-A7B7-95EDEAB3834D} = {EC38C22C-642B-433A-979C-ADB0A1A2ECE3}
		{21E844E7-0615-4945-A105-B0B97E9D83B4} = {EC38C22C-642B-433A-979C-ADB0A1A2ECE3}
		{9F3B66AB-8C5F-48D9-857A-DCB0507F4EB2} = {EC38C22C-642B-433A-979C-ADB0A1A2ECE3}
		{647E8C2E-6C85-451B-A6A1-06A980F5E05F} = {EC38C22C-642B-433A-979C-ADB0A1A2ECE3}
		{71976044-F490-4104-A990-C1CCAA56E7FB} = {8FE2520F-F92F-4A44-8B10-190FFAD7157F}
		{CED7AD0E-34D3-4677-B80B-1982E9C1FDA6} = {8FE2520F-F92F-4A44-8B10-190FFAD7157F}
		{8FE2520F-F92F-4A44-8B10-190FFAD7157F} = {18E5E3FB-2636-46D3-B32A-E45F9371689A}
		{EC38C22C-642B-433A-979C-ADB0A1A2ECE3} = {18E5E3FB-2636-46D3-B32A-E45F9371689A}
		{224E42D5-6C59-4D08-824C-4F3BA0FCD0C5} = {18E5E3FB-2636-46D3-B32A-E45F9371689A}
		{C1735CA6-80BC-4DB6-873A-25C19FFFD21B} = {18E5E3FB-2636-46D3-B32A-E45F9371689A}
		{927B07AD-5C5D-446B-A46C-0A92CF1C716A} = {8FE2520F-F92F-4A44-8B10-190FFAD7157F}
		{88212ED7-07FE-4113-A354-E2D7089C5A05} = {8FE2520F-F92F-4A44-8B10-190FFAD7157F}
		{54C6B697-288A-4C63-9C78-4C34A6C23724} = {18E5E3FB-2636-46D3-B32A-E45F9371689A}
		{CE797D2E-2B98-4F2A-9A51-E6D38F6EA59E} = {8FE2520F-F92F-4A44-8B10-190FFAD7157F}
		{D7E8A961-8078-49A1-BC38-26CB8D52DFD5} = {18E5E3FB-2636-46D3-B32A-E45F9371689A}
		{E59C1991-CF34-41D0-A417-4108A212A933} = {18E5E3FB-2636-46D3-B32A-E45F9371689A}
		{468882CB-3931-4687-A6E9-56458B21204F} = {18E5E3FB-2636-46D3-B32A-E45F9371689A}
		{89234099-20CC-4111-B349-DF8855584109} = {EC38C22C-642B-433A-979C-ADB0A1A2ECE3}
		{ECA0EA6D-3AC1-4EE3-9A71-638C366C1399} = {6A3CC7EE-452C-46E4-AA22-A77DFC9122E4}
		{E84028A8-4516-41BF-B941-C7BF356A66D1} = {18E5E3FB-2636-46D3-B32A-E45F9371689A}
	EndGlobalSection
	GlobalSection(ExtensibilityGlobals) = postSolution
		SolutionGuid = {2E6D7D91-E597-41CF-8187-C949AA045120}
	EndGlobalSection
EndGlobal
