<?xml version="1.0" encoding="utf-8"?>
<Project ToolsVersion="4.0" xmlns="http://schemas.microsoft.com/developer/msbuild/2003">
  <ItemGroup>
    <Filter Include="소스 파일">
      <UniqueIdentifier>{4FC737F1-C7A5-4376-A066-2A32D752A2FF}</UniqueIdentifier>
      <Extensions>cpp;c;cc;cxx;def;odl;idl;hpj;bat;asm;asmx</Extensions>
    </Filter>
    <Filter Include="헤더 파일">
      <UniqueIdentifier>{93995380-89BD-4b04-88EB-625FBE52EBFB}</UniqueIdentifier>
      <Extensions>h;hh;hpp;hxx;hm;inl;inc;ipp;xsd</Extensions>
    </Filter>
    <Filter Include="소스 파일\dx">
      <UniqueIdentifier>{c9147d39-c6c9-4dc1-99c2-499e396920d7}</UniqueIdentifier>
    </Filter>
    <Filter Include="소스 파일\Shader">
      <UniqueIdentifier>{a7ce0658-6aac-48fd-a9b8-001f1922f7e6}</UniqueIdentifier>
    </Filter>
    <Filter Include="Shape">
      <UniqueIdentifier>{c072e26c-40b5-4b10-905c-84f26ded9312}</UniqueIdentifier>
    </Filter>
    <Filter Include="소스 파일\text">
      <UniqueIdentifier>{f286eb92-c679-49a5-a0f9-aa659cd7742b}</UniqueIdentifier>
    </Filter>
    <Filter Include="Camera">
      <UniqueIdentifier>{f7030a3a-6df5-4311-84e3-6f67f7d3cf4a}</UniqueIdentifier>
    </Filter>
    <Filter Include="Map">
      <UniqueIdentifier>{35c1dc9b-4d21-4933-b5ac-d114ebf8d6c2}</UniqueIdentifier>
    </Filter>
    <Filter Include="Utils">
      <UniqueIdentifier>{ac88f9b1-8403-4653-a4f3-95e64b7baf32}</UniqueIdentifier>
    </Filter>
    <Filter Include="Utils\리소스 파일">
      <UniqueIdentifier>{67DA6AB6-F800-4c08-8B7A-83BB121AAD01}</UniqueIdentifier>
      <Extensions>rc;ico;cur;bmp;dlg;rc2;rct;bin;rgs;gif;jpg;jpeg;jpe;resx;tiff;tif;png;wav;mfcribbon-ms</Extensions>
    </Filter>
    <Filter Include="Obj">
      <UniqueIdentifier>{df89195c-d891-42dc-8f37-d34ef4b9905c}</UniqueIdentifier>
    </Filter>
    <Filter Include="Light">
      <UniqueIdentifier>{529f18df-8493-4991-a46a-a71d7fd445fb}</UniqueIdentifier>
    </Filter>
  </ItemGroup>
  <ItemGroup>
    <ClInclude Include="JHDXCore.h">
      <Filter>헤더 파일</Filter>
    </ClInclude>
    <ClInclude Include="JHWindow.h">
      <Filter>헤더 파일</Filter>
    </ClInclude>
    <ClInclude Include="Device.h">
      <Filter>헤더 파일</Filter>
    </ClInclude>
    <ClInclude Include="JH_DXStd.h">
      <Filter>헤더 파일</Filter>
    </ClInclude>
    <ClInclude Include="JHTimer.h">
      <Filter>헤더 파일</Filter>
    </ClInclude>
    <ClInclude Include="jMath.h">
      <Filter>헤더 파일</Filter>
    </ClInclude>
    <ClInclude Include="JH_Input.h">
      <Filter>헤더 파일</Filter>
    </ClInclude>
    <ClInclude Include="JH_Model.h">
      <Filter>헤더 파일</Filter>
    </ClInclude>
    <ClInclude Include="JH_ShapePlane.h">
      <Filter>헤더 파일</Filter>
    </ClInclude>
    <ClInclude Include="JH_ShapeLine.h">
      <Filter>헤더 파일</Filter>
    </ClInclude>
    <ClInclude Include="JHShapeBox.h">
      <Filter>헤더 파일</Filter>
    </ClInclude>
    <ClInclude Include="JH_Sprite.h">
      <Filter>헤더 파일</Filter>
    </ClInclude>
    <ClInclude Include="JHCamera.h">
      <Filter>Camera</Filter>
    </ClInclude>
    <ClInclude Include="JH_DebugCamera.h">
      <Filter>Camera</Filter>
    </ClInclude>
    <ClInclude Include="JH_DxWrite.h">
      <Filter>헤더 파일</Filter>
    </ClInclude>
    <ClInclude Include="TextureMgr.h">
      <Filter>헤더 파일</Filter>
    </ClInclude>
    <ClInclude Include="JH_ObjStd.h">
      <Filter>헤더 파일</Filter>
    </ClInclude>
    <ClInclude Include="JH_SKinStd.h">
      <Filter>헤더 파일</Filter>
    </ClInclude>
    <ClInclude Include="JH_Map.h">
      <Filter>Map</Filter>
    </ClInclude>
    <ClInclude Include="QuadTree.h">
      <Filter>Map</Filter>
    </ClInclude>
    <ClInclude Include="JH_Frustum.h">
      <Filter>Camera</Filter>
    </ClInclude>
    <ClInclude Include="JH_DXHelperEX.h">
      <Filter>소스 파일\dx</Filter>
    </ClInclude>
    <ClInclude Include="JH_DXHelper.h">
      <Filter>소스 파일\dx</Filter>
    </ClInclude>
    <ClInclude Include="JH_DxState.h">
      <Filter>소스 파일\dx</Filter>
    </ClInclude>
    <ClInclude Include="RenderTarget.h">
      <Filter>소스 파일\dx</Filter>
    </ClInclude>
    <ClInclude Include="resource.h">
      <Filter>헤더 파일</Filter>
    </ClInclude>
    <ClInclude Include="HArcBall.h">
      <Filter>Camera</Filter>
    </ClInclude>
    <ClInclude Include="ModelView.h">
      <Filter>Camera</Filter>
    </ClInclude>
    <ClInclude Include="JH_Select.h">
      <Filter>Utils</Filter>
    </ClInclude>
    <ClInclude Include="JH_BaseObj.h">
      <Filter>Shape</Filter>
    </ClInclude>
    <ClInclude Include="MaxObj.h">
      <Filter>Obj</Filter>
    </ClInclude>
    <ClInclude Include="JH_Template.h">
      <Filter>Utils</Filter>
    </ClInclude>
    <ClInclude Include="LightObj.h">
      <Filter>Light</Filter>
    </ClInclude>
    <ClInclude Include="LightMgr.h">
      <Filter>Light</Filter>
    </ClInclude>
    <ClInclude Include="NormalMap.h">
      <Filter>Utils</Filter>
    </ClInclude>
    <ClInclude Include="JH_BackViewCamera.h">
      <Filter>Camera</Filter>
    </ClInclude>
  </ItemGroup>
  <ItemGroup>
    <ClCompile Include="JHDXCore.cpp">
      <Filter>소스 파일</Filter>
    </ClCompile>
    <ClCompile Include="JHWindow.cpp">
      <Filter>소스 파일</Filter>
    </ClCompile>
    <ClCompile Include="Device.cpp">
      <Filter>소스 파일</Filter>
    </ClCompile>
    <ClCompile Include="JHTimer.cpp">
      <Filter>소스 파일</Filter>
    </ClCompile>
    <ClCompile Include="jMath.cpp">
      <Filter>소스 파일</Filter>
    </ClCompile>
    <ClCompile Include="JH_Input.cpp">
      <Filter>소스 파일</Filter>
    </ClCompile>
    <ClCompile Include="JH_Model.cpp">
      <Filter>소스 파일</Filter>
    </ClCompile>
    <ClCompile Include="JH_ShapePlane.cpp">
      <Filter>소스 파일</Filter>
    </ClCompile>
    <ClCompile Include="JH_ShapeLine.cpp">
      <Filter>소스 파일</Filter>
    </ClCompile>
    <ClCompile Include="JHShapeBox.cpp">
      <Filter>소스 파일</Filter>
    </ClCompile>
    <ClCompile Include="JH_Sprite.cpp">
      <Filter>소스 파일</Filter>
    </ClCompile>
    <ClCompile Include="JHCamera.cpp">
      <Filter>Camera</Filter>
    </ClCompile>
    <ClCompile Include="JH_DebugCamera.cpp">
      <Filter>Camera</Filter>
    </ClCompile>
    <ClCompile Include="JH_DxWrite.cpp">
      <Filter>소스 파일</Filter>
    </ClCompile>
    <ClCompile Include="TextureMgr.cpp">
      <Filter>소스 파일</Filter>
    </ClCompile>
    <ClCompile Include="JH_Map.cpp">
      <Filter>Map</Filter>
    </ClCompile>
    <ClCompile Include="QuadTree.cpp">
      <Filter>Map</Filter>
    </ClCompile>
    <ClCompile Include="JH_Frustum.cpp">
      <Filter>Camera</Filter>
    </ClCompile>
    <ClCompile Include="JH_DXHelper.cpp">
      <Filter>소스 파일\dx</Filter>
    </ClCompile>
    <ClCompile Include="JH_DXHelperEX.cpp">
      <Filter>소스 파일\dx</Filter>
    </ClCompile>
    <ClCompile Include="JH_DxState.cpp">
      <Filter>소스 파일\dx</Filter>
    </ClCompile>
    <ClCompile Include="RenderTarget.cpp">
      <Filter>소스 파일\dx</Filter>
    </ClCompile>
    <ClCompile Include="HArcBall.cpp">
      <Filter>Camera</Filter>
    </ClCompile>
    <ClCompile Include="ModelView.cpp">
      <Filter>Camera</Filter>
    </ClCompile>
    <ClCompile Include="JH_Select.cpp">
      <Filter>Utils</Filter>
    </ClCompile>
    <ClCompile Include="JH_BaseObj.cpp">
      <Filter>Shape</Filter>
    </ClCompile>
    <ClCompile Include="MaxObj.cpp">
      <Filter>Obj</Filter>
    </ClCompile>
    <ClCompile Include="LightObj.cpp">
      <Filter>Light</Filter>
    </ClCompile>
    <ClCompile Include="LightMgr.cpp">
      <Filter>Light</Filter>
    </ClCompile>
    <ClCompile Include="NormalMap.cpp">
      <Filter>Utils</Filter>
    </ClCompile>
    <ClCompile Include="JH_BackViewCamera.cpp">
      <Filter>Camera</Filter>
    </ClCompile>
  </ItemGroup>
  <ItemGroup>
    <Text Include="DefalutShader.txt">
      <Filter>소스 파일\Shader</Filter>
    </Text>
    <Text Include="sprite.txt">
      <Filter>소스 파일\text</Filter>
    </Text>
    <Text Include="..\..\data\Shader\LightShader.txt">
      <Filter>소스 파일\Shader</Filter>
    </Text>
  </ItemGroup>
  <ItemGroup>
    <None Include="ClassDiagram.cd" />
  </ItemGroup>
  <ItemGroup>
    <ResourceCompile Include="JHDXCore.rc">
      <Filter>Utils\리소스 파일</Filter>
    </ResourceCompile>
  </ItemGroup>
</Project>